
Microsoft Visual Studio Solution File, Format Version 12.00
# Visual Studio 2012
Project("{FAE04EC0-301F-11D3-BF4B-00C04F79EFBC}") = "GetHairDresser.DAL", "GetHairDresser.DAL\GetHairDresser.DAL.csproj", "{447B376D-6A01-4AFF-974C-3DC71580B148}"
EndProject
Project("{FAE04EC0-301F-11D3-BF4B-00C04F79EFBC}") = "GetHairDresser.BL", "GetHairDresser.BL\GetHairDresser.BL.csproj", "{AAE674A3-A59B-4F69-8F17-28918F84C23A}"
EndProject
Project("{FAE04EC0-301F-11D3-BF4B-00C04F79EFBC}") = "GetHairDresser.Service", "GetHairdDresser.Service\GetHairDresser.Service.csproj", "{792834A0-4C37-41C5-8F5E-FA378F32FDDA}"
EndProject
Project("{FAE04EC0-301F-11D3-BF4B-00C04F79EFBC}") = "GetHairDresser.Client", "GetHairdresser.Client\GetHairDresser.Client.csproj", "{805409F7-C483-4274-8DD2-49343385D045}"
	ProjectSection(ProjectDependencies) = postProject
		{792834A0-4C37-41C5-8F5E-FA378F32FDDA} = {792834A0-4C37-41C5-8F5E-FA378F32FDDA}
	EndProjectSection
EndProject
Project("{FAE04EC0-301F-11D3-BF4B-00C04F79EFBC}") = "GetHairDresser.Common", "GetHairDresser.Common\GetHairDresser.Common.csproj", "{872AB91A-01B9-4E50-B5E2-48A60F1D7A1C}"
EndProject
Project("{FAE04EC0-301F-11D3-BF4B-00C04F79EFBC}") = "GetHairDresser.Tests", "GetHairDresser.Tests\GetHairDresser.Tests.csproj", "{CAD2E629-BBE4-4B11-92DD-7D815FDF56F5}"
EndProject
Global
	GlobalSection(SolutionConfigurationPlatforms) = preSolution
		Debug|Any CPU = Debug|Any CPU
		Debug|ARM = Debug|ARM
		Debug|x64 = Debug|x64
		Debug|x86 = Debug|x86
		Release|Any CPU = Release|Any CPU
		Release|ARM = Release|ARM
		Release|x64 = Release|x64
		Release|x86 = Release|x86
	EndGlobalSection
	GlobalSection(ProjectConfigurationPlatforms) = postSolution
		{447B376D-6A01-4AFF-974C-3DC71580B148}.Debug|Any CPU.ActiveCfg = Debug|Any CPU
		{447B376D-6A01-4AFF-974C-3DC71580B148}.Debug|Any CPU.Build.0 = Debug|Any CPU
		{447B376D-6A01-4AFF-974C-3DC71580B148}.Debug|ARM.ActiveCfg = Debug|Any CPU
		{447B376D-6A01-4AFF-974C-3DC71580B148}.Debug|x64.ActiveCfg = Debug|Any CPU
		{447B376D-6A01-4AFF-974C-3DC71580B148}.Debug|x86.ActiveCfg = Debug|Any CPU
		{447B376D-6A01-4AFF-974C-3DC71580B148}.Release|Any CPU.ActiveCfg = Release|Any CPU
		{447B376D-6A01-4AFF-974C-3DC71580B148}.Release|Any CPU.Build.0 = Release|Any CPU
		{447B376D-6A01-4AFF-974C-3DC71580B148}.Release|ARM.ActiveCfg = Release|Any CPU
		{447B376D-6A01-4AFF-974C-3DC71580B148}.Release|x64.ActiveCfg = Release|Any CPU
		{447B376D-6A01-4AFF-974C-3DC71580B148}.Release|x86.ActiveCfg = Release|Any CPU
		{AAE674A3-A59B-4F69-8F17-28918F84C23A}.Debug|Any CPU.ActiveCfg = Debug|Any CPU
		{AAE674A3-A59B-4F69-8F17-28918F84C23A}.Debug|Any CPU.Build.0 = Debug|Any CPU
		{AAE674A3-A59B-4F69-8F17-28918F84C23A}.Debug|ARM.ActiveCfg = Debug|Any CPU
		{AAE674A3-A59B-4F69-8F17-28918F84C23A}.Debug|x64.ActiveCfg = Debug|Any CPU
		{AAE674A3-A59B-4F69-8F17-28918F84C23A}.Debug|x86.ActiveCfg = Debug|Any CPU
		{AAE674A3-A59B-4F69-8F17-28918F84C23A}.Release|Any CPU.ActiveCfg = Release|Any CPU
		{AAE674A3-A59B-4F69-8F17-28918F84C23A}.Release|Any CPU.Build.0 = Release|Any CPU
		{AAE674A3-A59B-4F69-8F17-28918F84C23A}.Release|ARM.ActiveCfg = Release|Any CPU
		{AAE674A3-A59B-4F69-8F17-28918F84C23A}.Release|x64.ActiveCfg = Release|Any CPU
		{AAE674A3-A59B-4F69-8F17-28918F84C23A}.Release|x86.ActiveCfg = Release|Any CPU
		{792834A0-4C37-41C5-8F5E-FA378F32FDDA}.Debug|Any CPU.ActiveCfg = Debug|Any CPU
		{792834A0-4C37-41C5-8F5E-FA378F32FDDA}.Debug|Any CPU.Build.0 = Debug|Any CPU
		{792834A0-4C37-41C5-8F5E-FA378F32FDDA}.Debug|ARM.ActiveCfg = Debug|Any CPU
		{792834A0-4C37-41C5-8F5E-FA378F32FDDA}.Debug|x64.ActiveCfg = Debug|Any CPU
		{792834A0-4C37-41C5-8F5E-FA378F32FDDA}.Debug|x86.ActiveCfg = Debug|Any CPU
		{792834A0-4C37-41C5-8F5E-FA378F32FDDA}.Release|Any CPU.ActiveCfg = Release|Any CPU
		{792834A0-4C37-41C5-8F5E-FA378F32FDDA}.Release|Any CPU.Build.0 = Release|Any CPU
		{792834A0-4C37-41C5-8F5E-FA378F32FDDA}.Release|ARM.ActiveCfg = Release|Any CPU
		{792834A0-4C37-41C5-8F5E-FA378F32FDDA}.Release|x64.ActiveCfg = Release|Any CPU
		{792834A0-4C37-41C5-8F5E-FA378F32FDDA}.Release|x86.ActiveCfg = Release|Any CPU
		{805409F7-C483-4274-8DD2-49343385D045}.Debug|Any CPU.ActiveCfg = Debug|Any CPU
		{805409F7-C483-4274-8DD2-49343385D045}.Debug|Any CPU.Build.0 = Debug|Any CPU
		{805409F7-C483-4274-8DD2-49343385D045}.Debug|ARM.ActiveCfg = Debug|Any CPU
		{805409F7-C483-4274-8DD2-49343385D045}.Debug|x64.ActiveCfg = Debug|Any CPU
		{805409F7-C483-4274-8DD2-49343385D045}.Debug|x86.ActiveCfg = Debug|Any CPU
		{805409F7-C483-4274-8DD2-49343385D045}.Release|Any CPU.ActiveCfg = Release|Any CPU
		{805409F7-C483-4274-8DD2-49343385D045}.Release|Any CPU.Build.0 = Release|Any CPU
		{805409F7-C483-4274-8DD2-49343385D045}.Release|ARM.ActiveCfg = Release|Any CPU
		{805409F7-C483-4274-8DD2-49343385D045}.Release|x64.ActiveCfg = Release|Any CPU
		{805409F7-C483-4274-8DD2-49343385D045}.Release|x86.ActiveCfg = Release|Any CPU
		{872AB91A-01B9-4E50-B5E2-48A60F1D7A1C}.Debug|Any CPU.ActiveCfg = Debug|Any CPU
		{872AB91A-01B9-4E50-B5E2-48A60F1D7A1C}.Debug|Any CPU.Build.0 = Debug|Any CPU
		{872AB91A-01B9-4E50-B5E2-48A60F1D7A1C}.Debug|ARM.ActiveCfg = Debug|Any CPU
		{872AB91A-01B9-4E50-B5E2-48A60F1D7A1C}.Debug|x64.ActiveCfg = Debug|Any CPU
		{872AB91A-01B9-4E50-B5E2-48A60F1D7A1C}.Debug|x86.ActiveCfg = Debug|Any CPU
		{872AB91A-01B9-4E50-B5E2-48A60F1D7A1C}.Release|Any CPU.ActiveCfg = Release|Any CPU
		{872AB91A-01B9-4E50-B5E2-48A60F1D7A1C}.Release|Any CPU.Build.0 = Release|Any CPU
		{872AB91A-01B9-4E50-B5E2-48A60F1D7A1C}.Release|ARM.ActiveCfg = Release|Any CPU
		{872AB91A-01B9-4E50-B5E2-48A60F1D7A1C}.Release|x64.ActiveCfg = Release|Any CPU
		{872AB91A-01B9-4E50-B5E2-48A60F1D7A1C}.Release|x86.ActiveCfg = Release|Any CPU
		{CAD2E629-BBE4-4B11-92DD-7D815FDF56F5}.Debug|Any CPU.ActiveCfg = Debug|Any CPU
		{CAD2E629-BBE4-4B11-92DD-7D815FDF56F5}.Debug|Any CPU.Build.0 = Debug|Any CPU
		{CAD2E629-BBE4-4B11-92DD-7D815FDF56F5}.Debug|Any CPU.Deploy.0 = Debug|Any CPU
		{CAD2E629-BBE4-4B11-92DD-7D815FDF56F5}.Debug|ARM.ActiveCfg = Debug|ARM
		{CAD2E629-BBE4-4B11-92DD-7D815FDF56F5}.Debug|ARM.Build.0 = Debug|ARM
		{CAD2E629-BBE4-4B11-92DD-7D815FDF56F5}.Debug|ARM.Deploy.0 = Debug|ARM
		{CAD2E629-BBE4-4B11-92DD-7D815FDF56F5}.Debug|x64.ActiveCfg = Debug|x64
		{CAD2E629-BBE4-4B11-92DD-7D815FDF56F5}.Debug|x64.Build.0 = Debug|x64
		{CAD2E629-BBE4-4B11-92DD-7D815FDF56F5}.Debug|x64.Deploy.0 = Debug|x64
		{CAD2E629-BBE4-4B11-92DD-7D815FDF56F5}.Debug|x86.ActiveCfg = Debug|x86
		{CAD2E629-BBE4-4B11-92DD-7D815FDF56F5}.Debug|x86.Build.0 = Debug|x86
		{CAD2E629-BBE4-4B11-92DD-7D815FDF56F5}.Debug|x86.Deploy.0 = Debug|x86
		{CAD2E629-BBE4-4B11-92DD-7D815FDF56F5}.Release|Any CPU.ActiveCfg = Release|Any CPU
		{CAD2E629-BBE4-4B11-92DD-7D815FDF56F5}.Release|Any CPU.Build.0 = Release|Any CPU
		{CAD2E629-BBE4-4B11-92DD-7D815FDF56F5}.Release|Any CPU.Deploy.0 = Release|Any CPU
		{CAD2E629-BBE4-4B11-92DD-7D815FDF56F5}.Release|ARM.ActiveCfg = Release|ARM
		{CAD2E629-BBE4-4B11-92DD-7D815FDF56F5}.Release|ARM.Build.0 = Release|ARM
		{CAD2E629-BBE4-4B11-92DD-7D815FDF56F5}.Release|ARM.Deploy.0 = Release|ARM
		{CAD2E629-BBE4-4B11-92DD-7D815FDF56F5}.Release|x64.ActiveCfg = Release|x64
		{CAD2E629-BBE4-4B11-92DD-7D815FDF56F5}.Release|x64.Build.0 = Release|x64
		{CAD2E629-BBE4-4B11-92DD-7D815FDF56F5}.Release|x64.Deploy.0 = Release|x64
		{CAD2E629-BBE4-4B11-92DD-7D815FDF56F5}.Release|x86.ActiveCfg = Release|x86
		{CAD2E629-BBE4-4B11-92DD-7D815FDF56F5}.Release|x86.Build.0 = Release|x86
		{CAD2E629-BBE4-4B11-92DD-7D815FDF56F5}.Release|x86.Deploy.0 = Release|x86
	EndGlobalSection
	GlobalSection(SolutionProperties) = preSolution
		HideSolutionNode = FALSE
	EndGlobalSection
EndGlobal
